
Microsoft Visual Studio Solution File, Format Version 12.00
Project("{FAE04EC0-301F-11D3-BF4B-00C04F79EFBC}") = "SEP6_Frontend", "SEP6_Frontend\SEP6_Frontend.csproj", "{7C8749D4-0424-4F29-879E-0EE4979DFCFE}"
EndProject
Global
	GlobalSection(SolutionConfigurationPlatforms) = preSolution
		Debug|Any CPU = Debug|Any CPU
		Release|Any CPU = Release|Any CPU
	EndGlobalSection
	GlobalSection(ProjectConfigurationPlatforms) = postSolution
		{7C8749D4-0424-4F29-879E-0EE4979DFCFE}.Debug|Any CPU.ActiveCfg = Debug|Any CPU
		{7C8749D4-0424-4F29-879E-0EE4979DFCFE}.Debug|Any CPU.Build.0 = Debug|Any CPU
		{7C8749D4-0424-4F29-879E-0EE4979DFCFE}.Release|Any CPU.ActiveCfg = Release|Any CPU
		{7C8749D4-0424-4F29-879E-0EE4979DFCFE}.Release|Any CPU.Build.0 = Release|Any CPU
	EndGlobalSection
EndGlobal
